
Microsoft Visual Studio Solution File, Format Version 12.00
# Visual Studio Version 16
VisualStudioVersion = 16.0.30114.105
MinimumVisualStudioVersion = 10.0.40219.1
Project("{FAE04EC0-301F-11D3-BF4B-00C04F79EFBC}") = "Data", "Data\Data.csproj", "{57BB617B-0052-49C2-ACBA-702428337BAF}"
EndProject
Project("{FAE04EC0-301F-11D3-BF4B-00C04F79EFBC}") = "WebAPI", "WebAPI\WebAPI.csproj", "{ED23BA82-E07C-4CF1-B41F-9B7BC8BD7BA6}"
EndProject
Global
	GlobalSection(SolutionConfigurationPlatforms) = preSolution
		Debug|Any CPU = Debug|Any CPU
		Release|Any CPU = Release|Any CPU
	EndGlobalSection
	GlobalSection(SolutionProperties) = preSolution
		HideSolutionNode = FALSE
	EndGlobalSection
	GlobalSection(ProjectConfigurationPlatforms) = postSolution
		{57BB617B-0052-49C2-ACBA-702428337BAF}.Debug|Any CPU.ActiveCfg = Debug|Any CPU
		{57BB617B-0052-49C2-ACBA-702428337BAF}.Debug|Any CPU.Build.0 = Debug|Any CPU
		{57BB617B-0052-49C2-ACBA-702428337BAF}.Release|Any CPU.ActiveCfg = Release|Any CPU
		{57BB617B-0052-49C2-ACBA-702428337BAF}.Release|Any CPU.Build.0 = Release|Any CPU
		{ED23BA82-E07C-4CF1-B41F-9B7BC8BD7BA6}.Debug|Any CPU.ActiveCfg = Debug|Any CPU
		{ED23BA82-E07C-4CF1-B41F-9B7BC8BD7BA6}.Debug|Any CPU.Build.0 = Debug|Any CPU
		{ED23BA82-E07C-4CF1-B41F-9B7BC8BD7BA6}.Release|Any CPU.ActiveCfg = Release|Any CPU
		{ED23BA82-E07C-4CF1-B41F-9B7BC8BD7BA6}.Release|Any CPU.Build.0 = Release|Any CPU
	EndGlobalSection
EndGlobal
